{
  "object": {
    "pins": [
      {
        "package": "CMinizip",
        "repositoryURL": "https://github.com/damuellen/CMinizip.swift.git",
        "state": {
          "branch": "master",
          "revision": "30553316cd5f6e3b4318df50114b71e0ad8bc7b6",
          "version": null
        }
      }
    ]
  },
  "version": 1
}
