{
  "object": {
    "pins": [
      {
        "package": "CMinizip",
        "repositoryURL": "https://github.com/sinoru/CMinizip.swift.git",
        "state": {
          "branch": null,
          "revision": "78fb6a81d64330880e87c0df654825ada01fb336",
          "version": "2.9.1"
        }
      }
    ]
  },
  "version": 1
}
